
Microsoft Visual Studio Solution File, Format Version 12.00
# Visual Studio Version 16
VisualStudioVersion = 16.0.34301.259
MinimumVisualStudioVersion = 10.0.40219.1
Project("{FAE04EC0-301F-11D3-BF4B-00C04F79EFBC}") = "DirectorySkibid", "DirectorySkibid.csproj", "{7F91E9B9-8EA7-402C-B5E3-3C790288480B}"
EndProject
Global
	GlobalSection(SolutionConfigurationPlatforms) = preSolution
		Debug|Any CPU = Debug|Any CPU
		Release|Any CPU = Release|Any CPU
	EndGlobalSection
	GlobalSection(ProjectConfigurationPlatforms) = postSolution
		{7F91E9B9-8EA7-402C-B5E3-3C790288480B}.Debug|Any CPU.ActiveCfg = Debug|Any CPU
		{7F91E9B9-8EA7-402C-B5E3-3C790288480B}.Debug|Any CPU.Build.0 = Debug|Any CPU
		{7F91E9B9-8EA7-402C-B5E3-3C790288480B}.Release|Any CPU.ActiveCfg = Release|Any CPU
		{7F91E9B9-8EA7-402C-B5E3-3C790288480B}.Release|Any CPU.Build.0 = Release|Any CPU
	EndGlobalSection
	GlobalSection(SolutionProperties) = preSolution
		HideSolutionNode = FALSE
	EndGlobalSection
	GlobalSection(ExtensibilityGlobals) = postSolution
		SolutionGuid = {E9220DB0-8C8A-45E7-9146-4B9B37BB92F4}
	EndGlobalSection
EndGlobal
