
Microsoft Visual Studio Solution File, Format Version 12.00
# Visual Studio Version 16
VisualStudioVersion = 16.0.34729.46
MinimumVisualStudioVersion = 10.0.40219.1
Project("{FAE04EC0-301F-11D3-BF4B-00C04F79EFBC}") = "tridaZaci", "tridaZaci.csproj", "{21F21878-5BD6-4C6E-8219-C38701332552}"
EndProject
Global
	GlobalSection(SolutionConfigurationPlatforms) = preSolution
		Debug|Any CPU = Debug|Any CPU
		Release|Any CPU = Release|Any CPU
	EndGlobalSection
	GlobalSection(ProjectConfigurationPlatforms) = postSolution
		{21F21878-5BD6-4C6E-8219-C38701332552}.Debug|Any CPU.ActiveCfg = Debug|Any CPU
		{21F21878-5BD6-4C6E-8219-C38701332552}.Debug|Any CPU.Build.0 = Debug|Any CPU
		{21F21878-5BD6-4C6E-8219-C38701332552}.Release|Any CPU.ActiveCfg = Release|Any CPU
		{21F21878-5BD6-4C6E-8219-C38701332552}.Release|Any CPU.Build.0 = Release|Any CPU
	EndGlobalSection
	GlobalSection(SolutionProperties) = preSolution
		HideSolutionNode = FALSE
	EndGlobalSection
	GlobalSection(ExtensibilityGlobals) = postSolution
		SolutionGuid = {A8FF008F-FB42-4469-8479-E6D6E354C2FA}
	EndGlobalSection
EndGlobal
