
Microsoft Visual Studio Solution File, Format Version 12.00
# Visual Studio Version 16
VisualStudioVersion = 16.0.35130.168
MinimumVisualStudioVersion = 10.0.40219.1
Project("{FAE04EC0-301F-11D3-BF4B-00C04F79EFBC}") = "Rezonance", "Rezonance\Rezonance.csproj", "{69F7B9C0-B98A-4960-B982-C8470429196D}"
EndProject
Global
	GlobalSection(SolutionConfigurationPlatforms) = preSolution
		Debug|Any CPU = Debug|Any CPU
		Release|Any CPU = Release|Any CPU
	EndGlobalSection
	GlobalSection(ProjectConfigurationPlatforms) = postSolution
		{69F7B9C0-B98A-4960-B982-C8470429196D}.Debug|Any CPU.ActiveCfg = Debug|Any CPU
		{69F7B9C0-B98A-4960-B982-C8470429196D}.Debug|Any CPU.Build.0 = Debug|Any CPU
		{69F7B9C0-B98A-4960-B982-C8470429196D}.Release|Any CPU.ActiveCfg = Release|Any CPU
		{69F7B9C0-B98A-4960-B982-C8470429196D}.Release|Any CPU.Build.0 = Release|Any CPU
	EndGlobalSection
	GlobalSection(SolutionProperties) = preSolution
		HideSolutionNode = FALSE
	EndGlobalSection
	GlobalSection(ExtensibilityGlobals) = postSolution
		SolutionGuid = {BF53333E-7F62-4006-8C27-C0842993A749}
	EndGlobalSection
EndGlobal
