
Microsoft Visual Studio Solution File, Format Version 12.00
# Visual Studio Version 16
VisualStudioVersion = 16.0.32929.386
MinimumVisualStudioVersion = 10.0.40219.1
Project("{FAE04EC0-301F-11D3-BF4B-00C04F79EFBC}") = "ListViewApp", "ListViewApp\ListViewApp.csproj", "{944A0D31-197D-4036-8049-9C9D646B2ACE}"
EndProject
Global
	GlobalSection(SolutionConfigurationPlatforms) = preSolution
		Debug|Any CPU = Debug|Any CPU
		Release|Any CPU = Release|Any CPU
	EndGlobalSection
	GlobalSection(ProjectConfigurationPlatforms) = postSolution
		{944A0D31-197D-4036-8049-9C9D646B2ACE}.Debug|Any CPU.ActiveCfg = Debug|Any CPU
		{944A0D31-197D-4036-8049-9C9D646B2ACE}.Debug|Any CPU.Build.0 = Debug|Any CPU
		{944A0D31-197D-4036-8049-9C9D646B2ACE}.Release|Any CPU.ActiveCfg = Release|Any CPU
		{944A0D31-197D-4036-8049-9C9D646B2ACE}.Release|Any CPU.Build.0 = Release|Any CPU
	EndGlobalSection
	GlobalSection(SolutionProperties) = preSolution
		HideSolutionNode = FALSE
	EndGlobalSection
	GlobalSection(ExtensibilityGlobals) = postSolution
		SolutionGuid = {4B3C81DF-94B9-4CFA-BD89-9E28AA0B8848}
	EndGlobalSection
EndGlobal
