
Microsoft Visual Studio Solution File, Format Version 12.00
# Visual Studio Version 16
VisualStudioVersion = 16.0.34114.132
MinimumVisualStudioVersion = 10.0.40219.1
Project("{FAE04EC0-301F-11D3-BF4B-00C04F79EFBC}") = "DatoveKolekce", "DatoveKolekce\DatoveKolekce.csproj", "{BA16CEC9-89C8-490B-B42F-0CA1D627DA08}"
EndProject
Global
	GlobalSection(SolutionConfigurationPlatforms) = preSolution
		Debug|Any CPU = Debug|Any CPU
		Release|Any CPU = Release|Any CPU
	EndGlobalSection
	GlobalSection(ProjectConfigurationPlatforms) = postSolution
		{BA16CEC9-89C8-490B-B42F-0CA1D627DA08}.Debug|Any CPU.ActiveCfg = Debug|Any CPU
		{BA16CEC9-89C8-490B-B42F-0CA1D627DA08}.Debug|Any CPU.Build.0 = Debug|Any CPU
		{BA16CEC9-89C8-490B-B42F-0CA1D627DA08}.Release|Any CPU.ActiveCfg = Release|Any CPU
		{BA16CEC9-89C8-490B-B42F-0CA1D627DA08}.Release|Any CPU.Build.0 = Release|Any CPU
	EndGlobalSection
	GlobalSection(SolutionProperties) = preSolution
		HideSolutionNode = FALSE
	EndGlobalSection
	GlobalSection(ExtensibilityGlobals) = postSolution
		SolutionGuid = {8F298BFB-6654-47C2-8D80-076A227EF245}
	EndGlobalSection
EndGlobal
