
Microsoft Visual Studio Solution File, Format Version 12.00
# Visual Studio Version 16
VisualStudioVersion = 16.0.32802.440
MinimumVisualStudioVersion = 10.0.40219.1
Project("{FAE04EC0-301F-11D3-BF4B-00C04F79EFBC}") = "Rezistory 2.0", "Rezistory 2.0.csproj", "{44C64146-C543-469E-A6AB-EED47884E987}"
EndProject
Global
	GlobalSection(SolutionConfigurationPlatforms) = preSolution
		Debug|Any CPU = Debug|Any CPU
		Release|Any CPU = Release|Any CPU
	EndGlobalSection
	GlobalSection(ProjectConfigurationPlatforms) = postSolution
		{44C64146-C543-469E-A6AB-EED47884E987}.Debug|Any CPU.ActiveCfg = Debug|Any CPU
		{44C64146-C543-469E-A6AB-EED47884E987}.Debug|Any CPU.Build.0 = Debug|Any CPU
		{44C64146-C543-469E-A6AB-EED47884E987}.Release|Any CPU.ActiveCfg = Release|Any CPU
		{44C64146-C543-469E-A6AB-EED47884E987}.Release|Any CPU.Build.0 = Release|Any CPU
	EndGlobalSection
	GlobalSection(SolutionProperties) = preSolution
		HideSolutionNode = FALSE
	EndGlobalSection
	GlobalSection(ExtensibilityGlobals) = postSolution
		SolutionGuid = {158F1D4D-B529-4518-97EC-5DE750E87E14}
	EndGlobalSection
EndGlobal
