
Microsoft Visual Studio Solution File, Format Version 12.00
# Visual Studio Version 16
VisualStudioVersion = 16.0.35130.168
MinimumVisualStudioVersion = 10.0.40219.1
Project("{FAE04EC0-301F-11D3-BF4B-00C04F79EFBC}") = "Fromel_chart", "Fromel_chart.csproj", "{631296F8-5031-463B-A3DC-E5188F7E0B94}"
EndProject
Global
	GlobalSection(SolutionConfigurationPlatforms) = preSolution
		Debug|Any CPU = Debug|Any CPU
		Release|Any CPU = Release|Any CPU
	EndGlobalSection
	GlobalSection(ProjectConfigurationPlatforms) = postSolution
		{631296F8-5031-463B-A3DC-E5188F7E0B94}.Debug|Any CPU.ActiveCfg = Debug|Any CPU
		{631296F8-5031-463B-A3DC-E5188F7E0B94}.Debug|Any CPU.Build.0 = Debug|Any CPU
		{631296F8-5031-463B-A3DC-E5188F7E0B94}.Release|Any CPU.ActiveCfg = Release|Any CPU
		{631296F8-5031-463B-A3DC-E5188F7E0B94}.Release|Any CPU.Build.0 = Release|Any CPU
	EndGlobalSection
	GlobalSection(SolutionProperties) = preSolution
		HideSolutionNode = FALSE
	EndGlobalSection
	GlobalSection(ExtensibilityGlobals) = postSolution
		SolutionGuid = {0E91B98D-27A2-4213-9ECC-8AF90563F522}
	EndGlobalSection
EndGlobal
