
Microsoft Visual Studio Solution File, Format Version 12.00
# Visual Studio Version 16
VisualStudioVersion = 16.0.31702.278
MinimumVisualStudioVersion = 10.0.40219.1
Project("{FAE04EC0-301F-11D3-BF4B-00C04F79EFBC}") = "Rezistory", "Rezistory.csproj", "{6EACD166-3A18-4AD5-9209-8FAB3F5448EF}"
EndProject
Global
	GlobalSection(SolutionConfigurationPlatforms) = preSolution
		Debug|Any CPU = Debug|Any CPU
		Release|Any CPU = Release|Any CPU
	EndGlobalSection
	GlobalSection(ProjectConfigurationPlatforms) = postSolution
		{6EACD166-3A18-4AD5-9209-8FAB3F5448EF}.Debug|Any CPU.ActiveCfg = Debug|Any CPU
		{6EACD166-3A18-4AD5-9209-8FAB3F5448EF}.Debug|Any CPU.Build.0 = Debug|Any CPU
		{6EACD166-3A18-4AD5-9209-8FAB3F5448EF}.Release|Any CPU.ActiveCfg = Release|Any CPU
		{6EACD166-3A18-4AD5-9209-8FAB3F5448EF}.Release|Any CPU.Build.0 = Release|Any CPU
	EndGlobalSection
	GlobalSection(SolutionProperties) = preSolution
		HideSolutionNode = FALSE
	EndGlobalSection
	GlobalSection(ExtensibilityGlobals) = postSolution
		SolutionGuid = {D4D7C98D-A6D8-41A3-B0C5-35576D8AEC3D}
	EndGlobalSection
EndGlobal
