
Microsoft Visual Studio Solution File, Format Version 12.00
# Visual Studio Version 16
VisualStudioVersion = 16.0.35130.168
MinimumVisualStudioVersion = 10.0.40219.1
Project("{FAE04EC0-301F-11D3-BF4B-00C04F79EFBC}") = "Grafika", "Grafika.csproj", "{F31FD245-C394-45E6-839B-491EEA596742}"
EndProject
Global
	GlobalSection(SolutionConfigurationPlatforms) = preSolution
		Debug|Any CPU = Debug|Any CPU
		Release|Any CPU = Release|Any CPU
	EndGlobalSection
	GlobalSection(ProjectConfigurationPlatforms) = postSolution
		{F31FD245-C394-45E6-839B-491EEA596742}.Debug|Any CPU.ActiveCfg = Debug|Any CPU
		{F31FD245-C394-45E6-839B-491EEA596742}.Debug|Any CPU.Build.0 = Debug|Any CPU
		{F31FD245-C394-45E6-839B-491EEA596742}.Release|Any CPU.ActiveCfg = Release|Any CPU
		{F31FD245-C394-45E6-839B-491EEA596742}.Release|Any CPU.Build.0 = Release|Any CPU
	EndGlobalSection
	GlobalSection(SolutionProperties) = preSolution
		HideSolutionNode = FALSE
	EndGlobalSection
	GlobalSection(ExtensibilityGlobals) = postSolution
		SolutionGuid = {7BBDBC45-65FA-4A23-AA42-170FCB220C99}
	EndGlobalSection
EndGlobal
