
Microsoft Visual Studio Solution File, Format Version 12.00
# Visual Studio Version 16
VisualStudioVersion = 16.0.32802.440
MinimumVisualStudioVersion = 10.0.40219.1
Project("{FAE04EC0-301F-11D3-BF4B-00C04F79EFBC}") = "AllinApp", "AllinApp.csproj", "{EA2CF6F9-7A60-4E89-AB92-6D3F7F738BC7}"
EndProject
Global
	GlobalSection(SolutionConfigurationPlatforms) = preSolution
		Debug|Any CPU = Debug|Any CPU
		Release|Any CPU = Release|Any CPU
	EndGlobalSection
	GlobalSection(ProjectConfigurationPlatforms) = postSolution
		{EA2CF6F9-7A60-4E89-AB92-6D3F7F738BC7}.Debug|Any CPU.ActiveCfg = Debug|Any CPU
		{EA2CF6F9-7A60-4E89-AB92-6D3F7F738BC7}.Debug|Any CPU.Build.0 = Debug|Any CPU
		{EA2CF6F9-7A60-4E89-AB92-6D3F7F738BC7}.Release|Any CPU.ActiveCfg = Release|Any CPU
		{EA2CF6F9-7A60-4E89-AB92-6D3F7F738BC7}.Release|Any CPU.Build.0 = Release|Any CPU
	EndGlobalSection
	GlobalSection(SolutionProperties) = preSolution
		HideSolutionNode = FALSE
	EndGlobalSection
	GlobalSection(ExtensibilityGlobals) = postSolution
		SolutionGuid = {39A86921-247A-4780-ABBC-2FF986A1071E}
	EndGlobalSection
EndGlobal
